
Microsoft Visual Studio Solution File, Format Version 12.00
# Visual Studio Version 17
VisualStudioVersion = 17.2.32602.215
MinimumVisualStudioVersion = 10.0.40219.1
Project("{FAE04EC0-301F-11D3-BF4B-00C04F79EFBC}") = "ProverkaGit", "ProverkaGit\ProverkaGit.csproj", "{AE441DF3-0B3C-4DE7-9CE6-644BDE08D2CD}"
EndProject
Global
	GlobalSection(SolutionConfigurationPlatforms) = preSolution
		Debug|Any CPU = Debug|Any CPU
		Release|Any CPU = Release|Any CPU
	EndGlobalSection
	GlobalSection(ProjectConfigurationPlatforms) = postSolution
		{AE441DF3-0B3C-4DE7-9CE6-644BDE08D2CD}.Debug|Any CPU.ActiveCfg = Debug|Any CPU
		{AE441DF3-0B3C-4DE7-9CE6-644BDE08D2CD}.Debug|Any CPU.Build.0 = Debug|Any CPU
		{AE441DF3-0B3C-4DE7-9CE6-644BDE08D2CD}.Release|Any CPU.ActiveCfg = Release|Any CPU
		{AE441DF3-0B3C-4DE7-9CE6-644BDE08D2CD}.Release|Any CPU.Build.0 = Release|Any CPU
	EndGlobalSection
	GlobalSection(SolutionProperties) = preSolution
		HideSolutionNode = FALSE
	EndGlobalSection
	GlobalSection(ExtensibilityGlobals) = postSolution
		SolutionGuid = {AF51E528-E116-4C8A-9088-9D564DC27E98}
	EndGlobalSection
EndGlobal
